
Microsoft Visual Studio Solution File, Format Version 12.00
# Visual Studio Version 16
VisualStudioVersion = 16.0.32106.194
MinimumVisualStudioVersion = 10.0.40219.1
Project("{8BC9CEB8-8B4A-11D0-8D11-00A0C91BC942}") = "FloatPower", "FloatPower.vcxproj", "{896D8C1B-935E-467B-ADD7-CFAA91A27CD7}"
EndProject
Project("{8BC9CEB8-8B4A-11D0-8D11-00A0C91BC942}") = "UnitTest.FloatPower", "..\UnitTest.FloatPower\UnitTest.FloatPower.vcxproj", "{ED209794-F46C-4CA5-A1AF-864564DBDF41}"
EndProject
Global
	GlobalSection(SolutionConfigurationPlatforms) = preSolution
		Debug|x64 = Debug|x64
		Debug|x86 = Debug|x86
		Release|x64 = Release|x64
		Release|x86 = Release|x86
	EndGlobalSection
	GlobalSection(ProjectConfigurationPlatforms) = postSolution
		{896D8C1B-935E-467B-ADD7-CFAA91A27CD7}.Debug|x64.ActiveCfg = Debug|x64
		{896D8C1B-935E-467B-ADD7-CFAA91A27CD7}.Debug|x64.Build.0 = Debug|x64
		{896D8C1B-935E-467B-ADD7-CFAA91A27CD7}.Debug|x86.ActiveCfg = Debug|Win32
		{896D8C1B-935E-467B-ADD7-CFAA91A27CD7}.Debug|x86.Build.0 = Debug|Win32
		{896D8C1B-935E-467B-ADD7-CFAA91A27CD7}.Release|x64.ActiveCfg = Release|x64
		{896D8C1B-935E-467B-ADD7-CFAA91A27CD7}.Release|x64.Build.0 = Release|x64
		{896D8C1B-935E-467B-ADD7-CFAA91A27CD7}.Release|x86.ActiveCfg = Release|Win32
		{896D8C1B-935E-467B-ADD7-CFAA91A27CD7}.Release|x86.Build.0 = Release|Win32
		{ED209794-F46C-4CA5-A1AF-864564DBDF41}.Debug|x64.ActiveCfg = Debug|x64
		{ED209794-F46C-4CA5-A1AF-864564DBDF41}.Debug|x64.Build.0 = Debug|x64
		{ED209794-F46C-4CA5-A1AF-864564DBDF41}.Debug|x86.ActiveCfg = Debug|Win32
		{ED209794-F46C-4CA5-A1AF-864564DBDF41}.Debug|x86.Build.0 = Debug|Win32
		{ED209794-F46C-4CA5-A1AF-864564DBDF41}.Release|x64.ActiveCfg = Release|x64
		{ED209794-F46C-4CA5-A1AF-864564DBDF41}.Release|x64.Build.0 = Release|x64
		{ED209794-F46C-4CA5-A1AF-864564DBDF41}.Release|x86.ActiveCfg = Release|Win32
		{ED209794-F46C-4CA5-A1AF-864564DBDF41}.Release|x86.Build.0 = Release|Win32
	EndGlobalSection
	GlobalSection(SolutionProperties) = preSolution
		HideSolutionNode = FALSE
	EndGlobalSection
	GlobalSection(ExtensibilityGlobals) = postSolution
		SolutionGuid = {5042BF8A-BAC6-4307-9C12-1FADDF4557DE}
	EndGlobalSection
EndGlobal
